
Microsoft Visual Studio Solution File, Format Version 12.00
# Visual Studio Version 17
VisualStudioVersion = 17.9.34622.214
MinimumVisualStudioVersion = 10.0.40219.1
Project("{8BC9CEB8-8B4A-11D0-8D11-00A0C91BC942}") = "OurCode", "OurCode.vcxproj", "{39E937BB-EC0C-4A44-AF5D-9267A0F44544}"
EndProject
Global
	GlobalSection(SolutionConfigurationPlatforms) = preSolution
		Debug|x64 = Debug|x64
		Debug|x86 = Debug|x86
		Release|x64 = Release|x64
		Release|x86 = Release|x86
	EndGlobalSection
	GlobalSection(ProjectConfigurationPlatforms) = postSolution
		{39E937BB-EC0C-4A44-AF5D-9267A0F44544}.Debug|x64.ActiveCfg = Debug|x64
		{39E937BB-EC0C-4A44-AF5D-9267A0F44544}.Debug|x64.Build.0 = Debug|x64
		{39E937BB-EC0C-4A44-AF5D-9267A0F44544}.Debug|x86.ActiveCfg = Debug|Win32
		{39E937BB-EC0C-4A44-AF5D-9267A0F44544}.Debug|x86.Build.0 = Debug|Win32
		{39E937BB-EC0C-4A44-AF5D-9267A0F44544}.Release|x64.ActiveCfg = Release|x64
		{39E937BB-EC0C-4A44-AF5D-9267A0F44544}.Release|x64.Build.0 = Release|x64
		{39E937BB-EC0C-4A44-AF5D-9267A0F44544}.Release|x86.ActiveCfg = Release|Win32
		{39E937BB-EC0C-4A44-AF5D-9267A0F44544}.Release|x86.Build.0 = Release|Win32
	EndGlobalSection
	GlobalSection(SolutionProperties) = preSolution
		HideSolutionNode = FALSE
	EndGlobalSection
	GlobalSection(ExtensibilityGlobals) = postSolution
		SolutionGuid = {0D0F2E79-FBAE-4EEC-BB07-075A542FECF2}
	EndGlobalSection
EndGlobal
